github.com/lib/pq v1.10.9 h1:YXG7RB+JIjhP29X+OtkiDnYaXQwpS4JEWq7dtCCRUEw=
github.com/lib/pq v1.10.9/go.mod h1:AlVN5x4E4T544tWzH6hKfbfQvm3HdbOxrmggDNAPY9o=
github.com/line/line-bot-sdk-go/v8 v8.16.0 h1:ZdeTc6fj84Lnnn1OKX/SjFOMzhuullq70vKrpHUrNGk=
github.com/line/line-bot-sdk-go/v8 v8.16.0/go.mod h1:jjmYNIH9+vxsGpgAY5Ov2dDfvMuamARaohxyr8l3siU=
github.com/ryo-kagawa/go-utils v1.3.0 h1:ks5m/8V2SAZ4HRtrGAPP1GkmDu/ee0+NrfGODkhJrcE=
github.com/ryo-kagawa/go-utils v1.3.0/go.mod h1:H2sCkC83sJavplL661y+ej+GFrPiUQa4mDlYkTVdWRo=
